
Microsoft Visual Studio Solution File, Format Version 12.00
# Visual Studio 15
Project("{FAE04EC0-301F-11D3-BF4B-00C04F79EFBC}") = "Andler.Github.Webhook", "src\Andler.Github.Webhook\Andler.Github.Webhook.csproj", "{8DE06926-EA92-458E-B4A7-26172AEC9E37}"
EndProject
Project("{2150E333-8FDC-42A3-9474-1A3956D46DE8}") = "Solution Items", "Solution Items", "{9215B3F8-39D8-4848-8893-E731226E43EC}"
	ProjectSection(SolutionItems) = preProject
		README.md = README.md
		LICENSE = LICENSE
		logo\hook.png = logo\hook.png
	EndProjectSection
EndProject
Project("{FAE04EC0-301F-11D3-BF4B-00C04F79EFBC}") = "Andler.Github.Webhook.Tests", "Andler.Github.Webhook.Tests\Andler.Github.Webhook.Tests.csproj", "{D0978E33-F019-40E1-9E4A-712633B9DC57}"
EndProject
Global
	GlobalSection(SolutionConfigurationPlatforms) = preSolution
		Debug|Any CPU = Debug|Any CPU
		Release|Any CPU = Release|Any CPU
	EndGlobalSection
	GlobalSection(ProjectConfigurationPlatforms) = postSolution
		{8DE06926-EA92-458E-B4A7-26172AEC9E37}.Debug|Any CPU.ActiveCfg = Debug|Any CPU
		{8DE06926-EA92-458E-B4A7-26172AEC9E37}.Debug|Any CPU.Build.0 = Debug|Any CPU
		{8DE06926-EA92-458E-B4A7-26172AEC9E37}.Release|Any CPU.ActiveCfg = Release|Any CPU
		{8DE06926-EA92-458E-B4A7-26172AEC9E37}.Release|Any CPU.Build.0 = Release|Any CPU
		{D0978E33-F019-40E1-9E4A-712633B9DC57}.Debug|Any CPU.ActiveCfg = Debug|Any CPU
		{D0978E33-F019-40E1-9E4A-712633B9DC57}.Debug|Any CPU.Build.0 = Debug|Any CPU
		{D0978E33-F019-40E1-9E4A-712633B9DC57}.Release|Any CPU.ActiveCfg = Release|Any CPU
		{D0978E33-F019-40E1-9E4A-712633B9DC57}.Release|Any CPU.Build.0 = Release|Any CPU
	EndGlobalSection
EndGlobal
